
Microsoft Visual Studio Solution File, Format Version 12.00
# Visual Studio 15
VisualStudioVersion = 15.0.34320.172
MinimumVisualStudioVersion = 10.0.40219.1
Project("{FAE04EC0-301F-11D3-BF4B-00C04F79EFBC}") = "Lab22", "Lab22\Lab22.csproj", "{A54E1C4E-43FF-4443-BA26-48B98FD18641}"
EndProject
Global
	GlobalSection(SolutionConfigurationPlatforms) = preSolution
		Debug|Any CPU = Debug|Any CPU
		Release|Any CPU = Release|Any CPU
	EndGlobalSection
	GlobalSection(ProjectConfigurationPlatforms) = postSolution
		{A54E1C4E-43FF-4443-BA26-48B98FD18641}.Debug|Any CPU.ActiveCfg = Debug|Any CPU
		{A54E1C4E-43FF-4443-BA26-48B98FD18641}.Debug|Any CPU.Build.0 = Debug|Any CPU
		{A54E1C4E-43FF-4443-BA26-48B98FD18641}.Release|Any CPU.ActiveCfg = Release|Any CPU
		{A54E1C4E-43FF-4443-BA26-48B98FD18641}.Release|Any CPU.Build.0 = Release|Any CPU
	EndGlobalSection
	GlobalSection(SolutionProperties) = preSolution
		HideSolutionNode = FALSE
	EndGlobalSection
	GlobalSection(ExtensibilityGlobals) = postSolution
		SolutionGuid = {8C7A8A01-0569-4983-9E85-9577CDC059E8}
	EndGlobalSection
EndGlobal
